
Microsoft Visual Studio Solution File, Format Version 12.00
# Visual Studio 14
VisualStudioVersion = 14.0.25420.1
MinimumVisualStudioVersion = 10.0.40219.1
Project("{FAE04EC0-301F-11D3-BF4B-00C04F79EFBC}") = "PortalForDepartmentIS.Web.Application", "PortalForDepartmentIS\PortalForDepartmentIS.Web.Application.csproj", "{E5AC7C8D-7256-4960-9F5B-7F5E7316A156}"
EndProject
Project("{2150E333-8FDC-42A3-9474-1A3956D46DE8}") = "BLL", "BLL", "{AA2EB15B-3D3D-4637-BBB4-A1430B1EAB0B}"
EndProject
Project("{2150E333-8FDC-42A3-9474-1A3956D46DE8}") = "DAL", "DAL", "{8F145E3F-82DD-4B41-BF29-5FDBCB1380D9}"
EndProject
Project("{FAE04EC0-301F-11D3-BF4B-00C04F79EFBC}") = "BLL.Abstraction", "BLL.Abstraction\BLL.Abstraction.csproj", "{873E20B2-A797-4589-8B32-3B07287EE4D7}"
EndProject
Project("{FAE04EC0-301F-11D3-BF4B-00C04F79EFBC}") = "BLL.Objects", "BLL.DTO\BLL.Objects.csproj", "{8104D957-A791-4E4D-9674-816E5CD6A285}"
EndProject
Project("{FAE04EC0-301F-11D3-BF4B-00C04F79EFBC}") = "BLL.Implementation", "BLL.Implementation\BLL.Implementation.csproj", "{B12A3972-C104-4933-9566-1B5841385E7E}"
EndProject
Project("{FAE04EC0-301F-11D3-BF4B-00C04F79EFBC}") = "DAL.DataAccessLayer", "DAL.DataAccessLayer\DAL.DataAccessLayer.csproj", "{2BA97A63-CAA9-40AA-91F6-AF0AF02E8FCA}"
EndProject
Project("{FAE04EC0-301F-11D3-BF4B-00C04F79EFBC}") = "DAL.Objects", "DAL.Models\DAL.Objects.csproj", "{0194EC2D-E72F-4A6E-A48E-72D709869D18}"
EndProject
Project("{2150E333-8FDC-42A3-9474-1A3956D46DE8}") = "Tests", "Tests", "{3B95144A-9BFE-4AA2-9A7C-400B37B5FCB1}"
EndProject
Project("{FAE04EC0-301F-11D3-BF4B-00C04F79EFBC}") = "Tests", "BLL.Tests\Tests.csproj", "{E8CCE1F2-3B98-4411-A5BC-C391C939B2DA}"
EndProject
Project("{2150E333-8FDC-42A3-9474-1A3956D46DE8}") = "Common", "Common", "{678C55C3-79E7-4A17-B953-F927B4421B45}"
EndProject
Project("{FAE04EC0-301F-11D3-BF4B-00C04F79EFBC}") = "Extensions", "Extensions\Extensions.csproj", "{6C6899BC-C66D-4AB7-BA32-657FD04DC2BE}"
EndProject
Global
	GlobalSection(SolutionConfigurationPlatforms) = preSolution
		Debug|Any CPU = Debug|Any CPU
		Release|Any CPU = Release|Any CPU
	EndGlobalSection
	GlobalSection(ProjectConfigurationPlatforms) = postSolution
		{E5AC7C8D-7256-4960-9F5B-7F5E7316A156}.Debug|Any CPU.ActiveCfg = Debug|Any CPU
		{E5AC7C8D-7256-4960-9F5B-7F5E7316A156}.Debug|Any CPU.Build.0 = Debug|Any CPU
		{E5AC7C8D-7256-4960-9F5B-7F5E7316A156}.Release|Any CPU.ActiveCfg = Release|Any CPU
		{E5AC7C8D-7256-4960-9F5B-7F5E7316A156}.Release|Any CPU.Build.0 = Release|Any CPU
		{873E20B2-A797-4589-8B32-3B07287EE4D7}.Debug|Any CPU.ActiveCfg = Debug|Any CPU
		{873E20B2-A797-4589-8B32-3B07287EE4D7}.Debug|Any CPU.Build.0 = Debug|Any CPU
		{873E20B2-A797-4589-8B32-3B07287EE4D7}.Release|Any CPU.ActiveCfg = Release|Any CPU
		{873E20B2-A797-4589-8B32-3B07287EE4D7}.Release|Any CPU.Build.0 = Release|Any CPU
		{8104D957-A791-4E4D-9674-816E5CD6A285}.Debug|Any CPU.ActiveCfg = Debug|Any CPU
		{8104D957-A791-4E4D-9674-816E5CD6A285}.Debug|Any CPU.Build.0 = Debug|Any CPU
		{8104D957-A791-4E4D-9674-816E5CD6A285}.Release|Any CPU.ActiveCfg = Release|Any CPU
		{8104D957-A791-4E4D-9674-816E5CD6A285}.Release|Any CPU.Build.0 = Release|Any CPU
		{B12A3972-C104-4933-9566-1B5841385E7E}.Debug|Any CPU.ActiveCfg = Debug|Any CPU
		{B12A3972-C104-4933-9566-1B5841385E7E}.Debug|Any CPU.Build.0 = Debug|Any CPU
		{B12A3972-C104-4933-9566-1B5841385E7E}.Release|Any CPU.ActiveCfg = Release|Any CPU
		{B12A3972-C104-4933-9566-1B5841385E7E}.Release|Any CPU.Build.0 = Release|Any CPU
		{2BA97A63-CAA9-40AA-91F6-AF0AF02E8FCA}.Debug|Any CPU.ActiveCfg = Debug|Any CPU
		{2BA97A63-CAA9-40AA-91F6-AF0AF02E8FCA}.Debug|Any CPU.Build.0 = Debug|Any CPU
		{2BA97A63-CAA9-40AA-91F6-AF0AF02E8FCA}.Release|Any CPU.ActiveCfg = Release|Any CPU
		{2BA97A63-CAA9-40AA-91F6-AF0AF02E8FCA}.Release|Any CPU.Build.0 = Release|Any CPU
		{0194EC2D-E72F-4A6E-A48E-72D709869D18}.Debug|Any CPU.ActiveCfg = Debug|Any CPU
		{0194EC2D-E72F-4A6E-A48E-72D709869D18}.Debug|Any CPU.Build.0 = Debug|Any CPU
		{0194EC2D-E72F-4A6E-A48E-72D709869D18}.Release|Any CPU.ActiveCfg = Release|Any CPU
		{0194EC2D-E72F-4A6E-A48E-72D709869D18}.Release|Any CPU.Build.0 = Release|Any CPU
		{E8CCE1F2-3B98-4411-A5BC-C391C939B2DA}.Debug|Any CPU.ActiveCfg = Debug|Any CPU
		{E8CCE1F2-3B98-4411-A5BC-C391C939B2DA}.Debug|Any CPU.Build.0 = Debug|Any CPU
		{E8CCE1F2-3B98-4411-A5BC-C391C939B2DA}.Release|Any CPU.ActiveCfg = Release|Any CPU
		{E8CCE1F2-3B98-4411-A5BC-C391C939B2DA}.Release|Any CPU.Build.0 = Release|Any CPU
		{6C6899BC-C66D-4AB7-BA32-657FD04DC2BE}.Debug|Any CPU.ActiveCfg = Debug|Any CPU
		{6C6899BC-C66D-4AB7-BA32-657FD04DC2BE}.Debug|Any CPU.Build.0 = Debug|Any CPU
		{6C6899BC-C66D-4AB7-BA32-657FD04DC2BE}.Release|Any CPU.ActiveCfg = Release|Any CPU
		{6C6899BC-C66D-4AB7-BA32-657FD04DC2BE}.Release|Any CPU.Build.0 = Release|Any CPU
	EndGlobalSection
	GlobalSection(SolutionProperties) = preSolution
		HideSolutionNode = FALSE
	EndGlobalSection
	GlobalSection(NestedProjects) = preSolution
		{873E20B2-A797-4589-8B32-3B07287EE4D7} = {AA2EB15B-3D3D-4637-BBB4-A1430B1EAB0B}
		{8104D957-A791-4E4D-9674-816E5CD6A285} = {AA2EB15B-3D3D-4637-BBB4-A1430B1EAB0B}
		{B12A3972-C104-4933-9566-1B5841385E7E} = {AA2EB15B-3D3D-4637-BBB4-A1430B1EAB0B}
		{2BA97A63-CAA9-40AA-91F6-AF0AF02E8FCA} = {8F145E3F-82DD-4B41-BF29-5FDBCB1380D9}
		{0194EC2D-E72F-4A6E-A48E-72D709869D18} = {8F145E3F-82DD-4B41-BF29-5FDBCB1380D9}
		{E8CCE1F2-3B98-4411-A5BC-C391C939B2DA} = {3B95144A-9BFE-4AA2-9A7C-400B37B5FCB1}
		{6C6899BC-C66D-4AB7-BA32-657FD04DC2BE} = {678C55C3-79E7-4A17-B953-F927B4421B45}
	EndGlobalSection
EndGlobal
